
Microsoft Visual Studio Solution File, Format Version 12.00
# Visual Studio 15
VisualStudioVersion = 15.0.28307.902
MinimumVisualStudioVersion = 10.0.40219.1
Project("{FAE04EC0-301F-11D3-BF4B-00C04F79EFBC}") = "QLKTX", "QLKTX\QLKTX.csproj", "{AEF7F432-93E9-4058-9D68-11C791360A96}"
EndProject
Global
	GlobalSection(SolutionConfigurationPlatforms) = preSolution
		Debug|Any CPU = Debug|Any CPU
		Release|Any CPU = Release|Any CPU
	EndGlobalSection
	GlobalSection(ProjectConfigurationPlatforms) = postSolution
		{AEF7F432-93E9-4058-9D68-11C791360A96}.Debug|Any CPU.ActiveCfg = Debug|Any CPU
		{AEF7F432-93E9-4058-9D68-11C791360A96}.Debug|Any CPU.Build.0 = Debug|Any CPU
		{AEF7F432-93E9-4058-9D68-11C791360A96}.Release|Any CPU.ActiveCfg = Release|Any CPU
		{AEF7F432-93E9-4058-9D68-11C791360A96}.Release|Any CPU.Build.0 = Release|Any CPU
	EndGlobalSection
	GlobalSection(SolutionProperties) = preSolution
		HideSolutionNode = FALSE
	EndGlobalSection
	GlobalSection(ExtensibilityGlobals) = postSolution
		SolutionGuid = {D9609ABB-2A5A-4A44-8628-300941F40138}
	EndGlobalSection
EndGlobal
